
Microsoft Visual Studio Solution File, Format Version 12.00
# Visual Studio Version 16
VisualStudioVersion = 16.0.31729.503
MinimumVisualStudioVersion = 10.0.40219.1
Project("{9A19103F-16F7-4668-BE54-9A1E7A4F7556}") = "BankAPI", "BankAPI\BankAPI.csproj", "{7CB9ECE5-95D0-4B5C-86BE-A0F577F8786C}"
EndProject
Project("{9A19103F-16F7-4668-BE54-9A1E7A4F7556}") = "MSUnitTests", "MSUnitTests\MSUnitTests.csproj", "{F7150C60-E19A-4D46-9159-D7CBA40CD7E3}"
EndProject
Global
	GlobalSection(SolutionConfigurationPlatforms) = preSolution
		Debug|Any CPU = Debug|Any CPU
		Release|Any CPU = Release|Any CPU
	EndGlobalSection
	GlobalSection(ProjectConfigurationPlatforms) = postSolution
		{7CB9ECE5-95D0-4B5C-86BE-A0F577F8786C}.Debug|Any CPU.ActiveCfg = Debug|Any CPU
		{7CB9ECE5-95D0-4B5C-86BE-A0F577F8786C}.Debug|Any CPU.Build.0 = Debug|Any CPU
		{7CB9ECE5-95D0-4B5C-86BE-A0F577F8786C}.Release|Any CPU.ActiveCfg = Release|Any CPU
		{7CB9ECE5-95D0-4B5C-86BE-A0F577F8786C}.Release|Any CPU.Build.0 = Release|Any CPU
		{F7150C60-E19A-4D46-9159-D7CBA40CD7E3}.Debug|Any CPU.ActiveCfg = Debug|Any CPU
		{F7150C60-E19A-4D46-9159-D7CBA40CD7E3}.Debug|Any CPU.Build.0 = Debug|Any CPU
		{F7150C60-E19A-4D46-9159-D7CBA40CD7E3}.Release|Any CPU.ActiveCfg = Release|Any CPU
		{F7150C60-E19A-4D46-9159-D7CBA40CD7E3}.Release|Any CPU.Build.0 = Release|Any CPU
	EndGlobalSection
	GlobalSection(SolutionProperties) = preSolution
		HideSolutionNode = FALSE
	EndGlobalSection
	GlobalSection(ExtensibilityGlobals) = postSolution
		SolutionGuid = {E823F643-E7DB-4BCC-B731-D08553174B6E}
	EndGlobalSection
EndGlobal
